
Microsoft Visual Studio Solution File, Format Version 12.00
# Visual Studio Version 18
VisualStudioVersion = 18.5.11716.220 stable
MinimumVisualStudioVersion = 10.0.40219.1
Project("{FAE04EC0-301F-11D3-BF4B-00C04F79EFBC}") = "ClientFlowCRM", "ClientFlowCRM.csproj", "{EC49B95B-E4AC-4878-B295-C7F7975A9958}"
EndProject
Global
	GlobalSection(SolutionConfigurationPlatforms) = preSolution
		Debug|Any CPU = Debug|Any CPU
		Release|Any CPU = Release|Any CPU
	EndGlobalSection
	GlobalSection(ProjectConfigurationPlatforms) = postSolution
		{EC49B95B-E4AC-4878-B295-C7F7975A9958}.Debug|Any CPU.ActiveCfg = Debug|Any CPU
		{EC49B95B-E4AC-4878-B295-C7F7975A9958}.Debug|Any CPU.Build.0 = Debug|Any CPU
		{EC49B95B-E4AC-4878-B295-C7F7975A9958}.Release|Any CPU.ActiveCfg = Release|Any CPU
		{EC49B95B-E4AC-4878-B295-C7F7975A9958}.Release|Any CPU.Build.0 = Release|Any CPU
	EndGlobalSection
	GlobalSection(SolutionProperties) = preSolution
		HideSolutionNode = FALSE
	EndGlobalSection
	GlobalSection(ExtensibilityGlobals) = postSolution
		SolutionGuid = {28E75C77-4249-45D2-90F1-B84ED983022B}
	EndGlobalSection
EndGlobal
